{
  "version": 4,
  "terraform_version": "1.2.8",
  "serial": 8,
  "lineage": "b9d6f641-d93f-036c-50ec-0ca4779a3667",
  "outputs": {},
  "resources": [
    {
      "mode": "managed",
      "type": "aws_instance",
      "name": "cpu-test",
      "provider": "provider[\"registry.terraform.io/hashicorp/aws\"]",
      "instances": [
        {
          "index_key": 0,
          "schema_version": 1,
          "attributes": {
            "ami": "ami-02f3416038bdb17fb",
            "arn": "arn:aws:ec2:us-east-2:048956848013:instance/i-07ccfeb8fb2796979",
            "associate_public_ip_address": true,
            "availability_zone": "us-east-2c",
            "capacity_reservation_specification": [
              {
                "capacity_reservation_preference": "open",
                "capacity_reservation_target": []
              }
            ],
            "cpu_core_count": 1,
            "cpu_threads_per_core": 1,
            "credit_specification": [
              {
                "cpu_credits": "standard"
              }
            ],
            "disable_api_stop": false,
            "disable_api_termination": false,
            "ebs_block_device": [],
            "ebs_optimized": false,
            "enclave_options": [
              {
                "enabled": false
              }
            ],
            "ephemeral_block_device": [],
            "get_password_data": false,
            "hibernation": false,
            "host_id": null,
            "iam_instance_profile": "",
            "id": "i-07ccfeb8fb2796979",
            "instance_initiated_shutdown_behavior": "stop",
            "instance_state": "running",
            "instance_type": "t2.micro",
            "ipv6_address_count": 0,
            "ipv6_addresses": [],
            "key_name": "key-cpu-test",
            "launch_template": [],
            "maintenance_options": [
              {
                "auto_recovery": "default"
              }
            ],
            "metadata_options": [
              {
                "http_endpoint": "enabled",
                "http_put_response_hop_limit": 1,
                "http_tokens": "optional",
                "instance_metadata_tags": "disabled"
              }
            ],
            "monitoring": false,
            "network_interface": [],
            "outpost_arn": "",
            "password_data": "",
            "placement_group": "",
            "placement_partition_number": null,
            "primary_network_interface_id": "eni-0cbe49bcac6f432ec",
            "private_dns": "ip-172-31-38-6.us-east-2.compute.internal",
            "private_dns_name_options": [
              {
                "enable_resource_name_dns_a_record": false,
                "enable_resource_name_dns_aaaa_record": false,
                "hostname_type": "ip-name"
              }
            ],
            "private_ip": "172.31.38.6",
            "public_dns": "ec2-18-188-96-58.us-east-2.compute.amazonaws.com",
            "public_ip": "18.188.96.58",
            "root_block_device": [
              {
                "delete_on_termination": true,
                "device_name": "/dev/sda1",
                "encrypted": false,
                "iops": 100,
                "kms_key_id": "",
                "tags": {},
                "throughput": 0,
                "volume_id": "vol-04b4484ebd8733d63",
                "volume_size": 8,
                "volume_type": "gp2"
              }
            ],
            "secondary_private_ips": [],
            "security_groups": [
              "terraform-20220828224640496700000001"
            ],
            "source_dest_check": true,
            "subnet_id": "subnet-0123d9412ffd235bf",
            "tags": {
              "name": "cpu-ubuntu",
              "type": "main"
            },
            "tags_all": {
              "name": "cpu-ubuntu",
              "type": "main"
            },
            "tenancy": "default",
            "timeouts": null,
            "user_data": null,
            "user_data_base64": null,
            "user_data_replace_on_change": false,
            "volume_tags": null,
            "vpc_security_group_ids": [
              "sg-01366bc6b814bade7"
            ]
          },
          "sensitive_attributes": [],
          "private": "eyJlMmJmYjczMC1lY2FhLTExZTYtOGY4OC0zNDM2M2JjN2M0YzAiOnsiY3JlYXRlIjo2MDAwMDAwMDAwMDAsImRlbGV0ZSI6MTIwMDAwMDAwMDAwMCwidXBkYXRlIjo2MDAwMDAwMDAwMDB9LCJzY2hlbWFfdmVyc2lvbiI6IjEifQ==",
          "dependencies": [
            "aws_security_group.cpu-test-sg"
          ]
        }
      ]
    },
    {
      "mode": "managed",
      "type": "aws_key_pair",
      "name": "key-cpu-test",
      "provider": "provider[\"registry.terraform.io/hashicorp/aws\"]",
      "instances": [
        {
          "schema_version": 1,
          "attributes": {
            "arn": "arn:aws:ec2:us-east-2:048956848013:key-pair/key-cpu-test",
            "fingerprint": "ef:3a:c3:97:1b:21:c4:3a:ac:5f:07:94:14:35:db:50",
            "id": "key-cpu-test",
            "key_name": "key-cpu-test",
            "key_name_prefix": "",
            "key_pair_id": "key-08c90800eb63e3925",
            "key_type": "rsa",
            "public_key": "ssh-rsa AAAAB3NzaC1yc2EAAAADAQABAAABgQCT4oN68V8qJFPLt68svs4lJaEpw+e3G/+sWOUFl86Sv6o8zoDfetT89ZIiTR0bGPjy7kE4bkO78h/ACFxT9dbFSpItvbfHjYlYghFbNYnRXbSwOp9HupqSBWwJpYjIQ+23d7W2axTaRjfcvsvzi9MSVCCgqMjjEq7n+7CT3ni9y7l5IRa7jBChSPVhxQXlmTLwsReOTlvTFiuDE/zcQW7VyUtGcQdoF5o0zKhUJrX53OGY8WtMdBkM56DQNk95LoXMCTJim0AyVt6QUJSnOi5KoRX2WO8gPGmjpcarvb53BtMGcwAXRg2Srkop19hpNEioZng0+DONDD3dBsMqkG1Mooj1Lm7HpmifwL+RXDDCf5HG+taj+LLb+MYMr/1HJ+HOabSS5F1lZv0y085I4D3F1ZqmRB2Bz5W4JshPSMahPx/IiQ+esk7ipnzPnC3E9NUBa6vb2wpCYDu/4tEg2lSX/FTpaSa56jaahEeHx9bFZFdYaZsKrIXRNDb1VvhP2w8= andre@andre-machine",
            "tags": {},
            "tags_all": {}
          },
          "sensitive_attributes": [],
          "private": "eyJzY2hlbWFfdmVyc2lvbiI6IjEifQ=="
        }
      ]
    },
    {
      "mode": "managed",
      "type": "aws_security_group",
      "name": "cpu-test-sg",
      "provider": "provider[\"registry.terraform.io/hashicorp/aws\"]",
      "instances": [
        {
          "schema_version": 1,
          "attributes": {
            "arn": "arn:aws:ec2:us-east-2:048956848013:security-group/sg-01366bc6b814bade7",
            "description": "Managed by Terraform",
            "egress": [
              {
                "cidr_blocks": [
                  "0.0.0.0/0"
                ],
                "description": "",
                "from_port": 0,
                "ipv6_cidr_blocks": [],
                "prefix_list_ids": [],
                "protocol": "-1",
                "security_groups": [],
                "self": false,
                "to_port": 0
              }
            ],
            "id": "sg-01366bc6b814bade7",
            "ingress": [
              {
                "cidr_blocks": [
                  "0.0.0.0/0"
                ],
                "description": "",
                "from_port": 22,
                "ipv6_cidr_blocks": [],
                "prefix_list_ids": [],
                "protocol": "tcp",
                "security_groups": [],
                "self": false,
                "to_port": 22
              },
              {
                "cidr_blocks": [],
                "description": "",
                "from_port": 0,
                "ipv6_cidr_blocks": [],
                "prefix_list_ids": [],
                "protocol": "-1",
                "security_groups": [],
                "self": true,
                "to_port": 0
              }
            ],
            "name": "terraform-20220828224640496700000001",
            "name_prefix": "terraform-",
            "owner_id": "048956848013",
            "revoke_rules_on_delete": false,
            "tags": {},
            "tags_all": {},
            "timeouts": null,
            "vpc_id": "vpc-0dd916b961e7b7f38"
          },
          "sensitive_attributes": [],
          "private": "eyJlMmJmYjczMC1lY2FhLTExZTYtOGY4OC0zNDM2M2JjN2M0YzAiOnsiY3JlYXRlIjo2MDAwMDAwMDAwMDAsImRlbGV0ZSI6OTAwMDAwMDAwMDAwfSwic2NoZW1hX3ZlcnNpb24iOiIxIn0="
        }
      ]
    }
  ]
}
